
Microsoft Visual Studio Solution File, Format Version 12.00
# Visual Studio 15
VisualStudioVersion = 15.0.27004.2002
MinimumVisualStudioVersion = 10.0.40219.1
Project("{9A19103F-16F7-4668-BE54-9A1E7A4F7556}") = "Raidfelden.Discord.Bot", "Raidfelden.Discord.Bot\Raidfelden.Discord.Bot.csproj", "{86587CE2-8A1A-4687-813D-6ED38372AF07}"
EndProject
Project("{9A19103F-16F7-4668-BE54-9A1E7A4F7556}") = "Discord.Addons.Interactive", "Discord.Addons.Interactive\Discord.Addons.Interactive.csproj", "{43152443-7127-441C-BEB3-885B3A355727}"
EndProject
Project("{9A19103F-16F7-4668-BE54-9A1E7A4F7556}") = "Raidfelden.Discord.Bot.Tests", "Raidfelden.Discord.Bot.Tests\Raidfelden.Discord.Bot.Tests.csproj", "{D44C0CD9-8D9F-4FBF-9FB6-241479D373E8}"
EndProject
Project("{9A19103F-16F7-4668-BE54-9A1E7A4F7556}") = "Raidfelden", "Raidfelden\Raidfelden.csproj", "{760D5D96-03D2-4026-9D0E-6B240D0317F1}"
EndProject
Project("{9A19103F-16F7-4668-BE54-9A1E7A4F7556}") = "Raidfelden.Data.Monocle", "Raidfelden.Data.Monocle\Raidfelden.Data.Monocle.csproj", "{451CDAAE-6945-46FE-BC78-56FD3F42E850}"
EndProject
Project("{9A19103F-16F7-4668-BE54-9A1E7A4F7556}") = "Raidfelden.Services", "Raidfelden.Services\Raidfelden.Services.csproj", "{6AFEBDAB-94C3-4487-8E2B-C7FB2CE3DCA8}"
EndProject
Project("{FAE04EC0-301F-11D3-BF4B-00C04F79EFBC}") = "Raidfelden.Data.Pokemon", "Raidfelden.Data.Pokemon\Raidfelden.Data.Pokemon.csproj", "{5DB1845C-98E1-428F-B02E-851965FA4FA2}"
EndProject
Global
	GlobalSection(SolutionConfigurationPlatforms) = preSolution
		Debug|Any CPU = Debug|Any CPU
		Release|Any CPU = Release|Any CPU
	EndGlobalSection
	GlobalSection(ProjectConfigurationPlatforms) = postSolution
		{86587CE2-8A1A-4687-813D-6ED38372AF07}.Debug|Any CPU.ActiveCfg = Debug|Any CPU
		{86587CE2-8A1A-4687-813D-6ED38372AF07}.Debug|Any CPU.Build.0 = Debug|Any CPU
		{86587CE2-8A1A-4687-813D-6ED38372AF07}.Release|Any CPU.ActiveCfg = Release|Any CPU
		{86587CE2-8A1A-4687-813D-6ED38372AF07}.Release|Any CPU.Build.0 = Release|Any CPU
		{43152443-7127-441C-BEB3-885B3A355727}.Debug|Any CPU.ActiveCfg = Debug|Any CPU
		{43152443-7127-441C-BEB3-885B3A355727}.Debug|Any CPU.Build.0 = Debug|Any CPU
		{43152443-7127-441C-BEB3-885B3A355727}.Release|Any CPU.ActiveCfg = Release|Any CPU
		{43152443-7127-441C-BEB3-885B3A355727}.Release|Any CPU.Build.0 = Release|Any CPU
		{D44C0CD9-8D9F-4FBF-9FB6-241479D373E8}.Debug|Any CPU.ActiveCfg = Debug|Any CPU
		{D44C0CD9-8D9F-4FBF-9FB6-241479D373E8}.Debug|Any CPU.Build.0 = Debug|Any CPU
		{D44C0CD9-8D9F-4FBF-9FB6-241479D373E8}.Release|Any CPU.ActiveCfg = Release|Any CPU
		{D44C0CD9-8D9F-4FBF-9FB6-241479D373E8}.Release|Any CPU.Build.0 = Release|Any CPU
		{760D5D96-03D2-4026-9D0E-6B240D0317F1}.Debug|Any CPU.ActiveCfg = Debug|Any CPU
		{760D5D96-03D2-4026-9D0E-6B240D0317F1}.Debug|Any CPU.Build.0 = Debug|Any CPU
		{760D5D96-03D2-4026-9D0E-6B240D0317F1}.Release|Any CPU.ActiveCfg = Release|Any CPU
		{760D5D96-03D2-4026-9D0E-6B240D0317F1}.Release|Any CPU.Build.0 = Release|Any CPU
		{451CDAAE-6945-46FE-BC78-56FD3F42E850}.Debug|Any CPU.ActiveCfg = Debug|Any CPU
		{451CDAAE-6945-46FE-BC78-56FD3F42E850}.Debug|Any CPU.Build.0 = Debug|Any CPU
		{451CDAAE-6945-46FE-BC78-56FD3F42E850}.Release|Any CPU.ActiveCfg = Release|Any CPU
		{451CDAAE-6945-46FE-BC78-56FD3F42E850}.Release|Any CPU.Build.0 = Release|Any CPU
		{6AFEBDAB-94C3-4487-8E2B-C7FB2CE3DCA8}.Debug|Any CPU.ActiveCfg = Debug|Any CPU
		{6AFEBDAB-94C3-4487-8E2B-C7FB2CE3DCA8}.Debug|Any CPU.Build.0 = Debug|Any CPU
		{6AFEBDAB-94C3-4487-8E2B-C7FB2CE3DCA8}.Release|Any CPU.ActiveCfg = Release|Any CPU
		{6AFEBDAB-94C3-4487-8E2B-C7FB2CE3DCA8}.Release|Any CPU.Build.0 = Release|Any CPU
		{5DB1845C-98E1-428F-B02E-851965FA4FA2}.Debug|Any CPU.ActiveCfg = Debug|Any CPU
		{5DB1845C-98E1-428F-B02E-851965FA4FA2}.Debug|Any CPU.Build.0 = Debug|Any CPU
		{5DB1845C-98E1-428F-B02E-851965FA4FA2}.Release|Any CPU.ActiveCfg = Release|Any CPU
		{5DB1845C-98E1-428F-B02E-851965FA4FA2}.Release|Any CPU.Build.0 = Release|Any CPU
	EndGlobalSection
	GlobalSection(SolutionProperties) = preSolution
		HideSolutionNode = FALSE
	EndGlobalSection
	GlobalSection(ExtensibilityGlobals) = postSolution
		SolutionGuid = {D6C7799B-468D-4C2A-AA77-7AC47A8180A6}
	EndGlobalSection
EndGlobal
